%{
  "aleppo": {:hex, :aleppo, "0.9.0", "43b4ec269fa136e39dcecbd4323d4346e0ef069a62528a9154f1bb3acd26e3e4", [:rebar3], [], "hexpm"},
  "async": {:hex, :async, "0.1.0", "698b900694aac71a21c81eb9c38c7fb82139e14ce326c181560bf86ffd9c0105", [:mix], [], "hexpm"},
  "base_deps": {:git, "https://github.com/jjmrocha/base_deps.git", "ce78f1f8f4cbf875b8e5dc73bf315d167687fe6f", [ref: "master"]},
  "cclock": {:hex, :cclock, "0.1.0", "85c21d05262c89d9e375ec1a4b211252a4e642cb258b77fe2626f6c6123e7e7a", [:mix], [{:columbo, "~> 0.1.0", [hex: :columbo, repo: "hexpm", optional: false]}], "hexpm"},
  "columbo": {:hex, :columbo, "0.1.0", "ffa2ebcea3dd5a5fcb2786e6d89637e6ffae3899684b83433a663b4bb1f11d9a", [:mix], [], "hexpm"},
  "cowboy": {:hex, :cowboy, "1.0.4", "a324a8df9f2316c833a470d918aaf73ae894278b8aa6226ce7a9bf699388f878", [:make, :rebar], [{:cowlib, "~> 1.0.0", [hex: :cowlib, repo: "hexpm", optional: false]}, {:ranch, "~> 1.0", [hex: :ranch, repo: "hexpm", optional: false]}], "hexpm"},
  "cowlib": {:hex, :cowlib, "1.0.2", "9d769a1d062c9c3ac753096f868ca121e2730b9a377de23dec0f7e08b1df84ee", [:make], [], "hexpm"},
  "epgsql": {:hex, :epgsql, "3.4.0", "39d473b83d74329a88f8fb1f99ad24c7a2329fd753957c488808cb7c0fc8164e", [:rebar3], [], "hexpm"},
  "erlsom": {:hex, :erlsom, "1.4.1", "53dbacf35adfea6f0714fd0e4a7b0720d495e88c5e24e12c5dc88c7b62bd3e49", [:rebar3], [], "hexpm"},
  "erlydtl": {:hex, :erlydtl, "0.12.1", "3fde3190d30340b10cfcfdb4135a828761d468db4e4b34817c6b91d295f3142d", [:rebar3], [], "hexpm"},
  "gen_smtp": {:hex, :gen_smtp, "0.12.0", "97d44903f5ca18ca85cb39aee7d9c77e98d79804bbdef56078adcf905cb2ef00", [:rebar3], [], "hexpm"},
  "gibreel": {:hex, :gibreel, "0.1.0", "df4622d7a0ae586363e5fe0e36b2243623f552c699fa441fa59634e264762068", [:mix], [{:async, "~> 0.1.0", [hex: :async, repo: "hexpm", optional: false]}, {:cclock, "~> 0.1.0", [hex: :cclock, repo: "hexpm", optional: false]}, {:columbo, "~> 0.1.0", [hex: :columbo, repo: "hexpm", optional: false]}], "hexpm"},
  "iso8601": {:hex, :iso8601, "1.2.3", "56d173ec568d42e95908797a9b7d27bcf0b377443277416733eb1a544a4a47c2", [:rebar3], [], "hexpm"},
  "jsondoc": {:hex, :jsondoc, "0.7.0", "bbf0803571b007de05ecc80e1d34acb1076d93b1e977262e1cce69e0907c8217", [:mix], [], "hexpm"},
  "kill_bill": {:hex, :kill_bill, "0.1.0", "f1a82dca41c0baef01805ca6c48b1dc8ecef8da58ff74f83ee655801fb4f5946", [:mix], [{:columbo, "~> 0.1.0", [hex: :columbo, repo: "hexpm", optional: false]}, {:cowboy, "~> 1.0.3", [hex: :cowboy, repo: "hexpm", optional: false]}, {:erlydtl, ">= 0.0.0", [hex: :erlydtl, repo: "hexpm", optional: false]}, {:gibreel, "~> 0.1.0", [hex: :gibreel, repo: "hexpm", optional: false]}, {:jsondoc, "~> 0.7.0", [hex: :jsondoc, repo: "hexpm", optional: false]}, {:narciso, "~> 0.1.0", [hex: :narciso, repo: "hexpm", optional: false]}], "hexpm"},
  "meck": {:hex, :meck, "0.8.9", "64c5c0bd8bcca3a180b44196265c8ed7594e16bcc845d0698ec6b4e577f48188", [:rebar3], [], "hexpm"},
  "mix_erlang_tasks": {:hex, :mix_erlang_tasks, "0.1.0", "36819fec60b80689eb1380938675af215565a89320a9e29c72c70d97512e4649", [:mix], [], "hexpm"},
  "narciso": {:hex, :narciso, "0.1.0", "326a63978f31d949afffb7eac7691dc115558046ab72375f82cfd88f35503e0c", [:mix], [], "hexpm"},
  "poolboy": {:hex, :poolboy, "1.5.1", "6b46163901cfd0a1b43d692657ed9d7e599853b3b21b95ae5ae0a777cf9b6ca8", [:rebar], [], "hexpm"},
  "quaff": {:hex, :quaff, "1.0.0", "b7b023fc599888d8c84fb2ba4060a99497d165dc8d94663ff346eb2e4c8eefc0", [:mix], [{:aleppo, "~> 0.9.0", [hex: :aleppo, repo: "hexpm", optional: false]}, {:meck, "~> 0.8.9", [hex: :meck, repo: "hexpm", optional: false]}], "hexpm"},
  "quickrand": {:hex, :quickrand, "1.7.3", "0e4fb48fac904fe0c6e21d7e8c31a288a0700e1e81a35b38b649fc119079755d", [:rebar3], [], "hexpm"},
  "ranch": {:hex, :ranch, "1.4.0", "10272f95da79340fa7e8774ba7930b901713d272905d0012b06ca6d994f8826b", [:rebar3], [], "hexpm"},
  "uuid": {:hex, :uuid_erl, "1.7.3", "c5df97d1a3d626235c2415e74053c47b2138bb863c5cd802ab5caecb8ecc019f", [:rebar3], [{:quickrand, "~> 1.7.3", [hex: :quickrand, repo: "hexpm", optional: false]}], "hexpm"},
}
